
Microsoft Visual Studio Solution File, Format Version 12.00
# Visual Studio Version 17
VisualStudioVersion = 17.1.32228.430
MinimumVisualStudioVersion = 10.0.40219.1
Project("{9A19103F-16F7-4668-BE54-9A1E7A4F7556}") = "PainKiller.PowerCommands.Bootstrap", "PainKiller.PowerCommands.Bootstrap\PainKiller.PowerCommands.Bootstrap.csproj", "{0902370A-5117-4599-87D7-7A117E36E41E}"
EndProject
Project("{9A19103F-16F7-4668-BE54-9A1E7A4F7556}") = "PainKiller.PowerCommands.PowerCommandsConsole", "PainKiller.PowerCommands.PowerCommandsConsole\PainKiller.PowerCommands.PowerCommandsConsole.csproj", "{A69842F5-5CB9-48EA-B8FE-98CED6446221}"
EndProject
Project("{9A19103F-16F7-4668-BE54-9A1E7A4F7556}") = "PainKiller.PowerCommands.Configuration", "PainKiller.PowerCommands.Configuration\PainKiller.PowerCommands.Configuration.csproj", "{067D3840-C1F4-466C-9AFD-F510D0E6FE26}"
EndProject
Project("{9A19103F-16F7-4668-BE54-9A1E7A4F7556}") = "PainKiller.PowerCommands.Core", "PainKiller.PowerCommands.Core\PainKiller.PowerCommands.Core.csproj", "{946A896C-7251-40F2-A0D3-A2FD9E92632F}"
EndProject
Project("{9A19103F-16F7-4668-BE54-9A1E7A4F7556}") = "PainKiller.PowerCommands.Security", "PainKiller.PowerCommands.Security\PainKiller.PowerCommands.Security.csproj", "{B6AC8E8B-A6D1-4071-95BF-C3BD435CBE94}"
EndProject
Project("{9A19103F-16F7-4668-BE54-9A1E7A4F7556}") = "PainKiller.PowerCommands.Shared", "PainKiller.PowerCommands.Shared\PainKiller.PowerCommands.Shared.csproj", "{2584CDD8-9855-4CEE-9140-010E9AE63EB4}"
EndProject
Project("{2150E333-8FDC-42A3-9474-1A3956D46DE8}") = "Core", "Core", "{4F52B8D3-D980-4D53-A2DF-1A80C35DE99E}"
EndProject
Project("{2150E333-8FDC-42A3-9474-1A3956D46DE8}") = "Test", "Test", "{2FA267F2-8ED5-49F6-B718-C42A5DD6E9DD}"
EndProject
Project("{2150E333-8FDC-42A3-9474-1A3956D46DE8}") = "Third party components", "Third party components", "{40C31577-61E6-4337-8CB7-68D7B0FD5B08}"
EndProject
Project("{9A19103F-16F7-4668-BE54-9A1E7A4F7556}") = "PainKiller.SerilogExtensions", "PainKiller.SerilogExtensions\PainKiller.SerilogExtensions.csproj", "{83CF467B-7C83-4855-A0BF-4F0BE8828BF1}"
EndProject
Project("{2150E333-8FDC-42A3-9474-1A3956D46DE8}") = "Custom Components", "Custom Components", "{7715E76B-D673-476C-A4EF-4AB31A8E3CD8}"
EndProject
Project("{9A19103F-16F7-4668-BE54-9A1E7A4F7556}") = "PainKiller.AzureKeyVault", "PainKiller.AzureKeyVault\PainKiller.AzureKeyVault.csproj", "{13CC0652-52C9-4675-8E45-0BAEC32D9431}"
EndProject
Project("{9A19103F-16F7-4668-BE54-9A1E7A4F7556}") = "PainKiller.PowerCommands.MyExampleCommands", "PainKiller.PowerCommands.MyExampleCommands\PainKiller.PowerCommands.MyExampleCommands.csproj", "{C53C0EBD-1FEF-43F3-8AF9-285A4AB2A524}"
EndProject
Project("{9A19103F-16F7-4668-BE54-9A1E7A4F7556}") = "PainKiller.PowerCommands.ReadLine", "PainKiller.PowerCommands.ReadLine\PainKiller.PowerCommands.ReadLine.csproj", "{D388463E-847D-4FE0-939C-9DAE54F2B830}"
EndProject
Project("{FAE04EC0-301F-11D3-BF4B-00C04F79EFBC}") = "PainKiller.HttpClientUtils", "PainKiller.HttpClientUtils\PainKiller.HttpClientUtils.csproj", "{00D24F7F-0505-4947-BD88-226F8051C543}"
EndProject
Global
	GlobalSection(SolutionConfigurationPlatforms) = preSolution
		Debug|Any CPU = Debug|Any CPU
		Release|Any CPU = Release|Any CPU
	EndGlobalSection
	GlobalSection(ProjectConfigurationPlatforms) = postSolution
		{0902370A-5117-4599-87D7-7A117E36E41E}.Debug|Any CPU.ActiveCfg = Debug|Any CPU
		{0902370A-5117-4599-87D7-7A117E36E41E}.Debug|Any CPU.Build.0 = Debug|Any CPU
		{0902370A-5117-4599-87D7-7A117E36E41E}.Release|Any CPU.ActiveCfg = Release|Any CPU
		{0902370A-5117-4599-87D7-7A117E36E41E}.Release|Any CPU.Build.0 = Release|Any CPU
		{A69842F5-5CB9-48EA-B8FE-98CED6446221}.Debug|Any CPU.ActiveCfg = Debug|Any CPU
		{A69842F5-5CB9-48EA-B8FE-98CED6446221}.Debug|Any CPU.Build.0 = Debug|Any CPU
		{A69842F5-5CB9-48EA-B8FE-98CED6446221}.Release|Any CPU.ActiveCfg = Release|Any CPU
		{A69842F5-5CB9-48EA-B8FE-98CED6446221}.Release|Any CPU.Build.0 = Release|Any CPU
		{067D3840-C1F4-466C-9AFD-F510D0E6FE26}.Debug|Any CPU.ActiveCfg = Debug|Any CPU
		{067D3840-C1F4-466C-9AFD-F510D0E6FE26}.Debug|Any CPU.Build.0 = Debug|Any CPU
		{067D3840-C1F4-466C-9AFD-F510D0E6FE26}.Release|Any CPU.ActiveCfg = Release|Any CPU
		{067D3840-C1F4-466C-9AFD-F510D0E6FE26}.Release|Any CPU.Build.0 = Release|Any CPU
		{946A896C-7251-40F2-A0D3-A2FD9E92632F}.Debug|Any CPU.ActiveCfg = Debug|Any CPU
		{946A896C-7251-40F2-A0D3-A2FD9E92632F}.Debug|Any CPU.Build.0 = Debug|Any CPU
		{946A896C-7251-40F2-A0D3-A2FD9E92632F}.Release|Any CPU.ActiveCfg = Release|Any CPU
		{946A896C-7251-40F2-A0D3-A2FD9E92632F}.Release|Any CPU.Build.0 = Release|Any CPU
		{B6AC8E8B-A6D1-4071-95BF-C3BD435CBE94}.Debug|Any CPU.ActiveCfg = Debug|Any CPU
		{B6AC8E8B-A6D1-4071-95BF-C3BD435CBE94}.Debug|Any CPU.Build.0 = Debug|Any CPU
		{B6AC8E8B-A6D1-4071-95BF-C3BD435CBE94}.Release|Any CPU.ActiveCfg = Release|Any CPU
		{B6AC8E8B-A6D1-4071-95BF-C3BD435CBE94}.Release|Any CPU.Build.0 = Release|Any CPU
		{2584CDD8-9855-4CEE-9140-010E9AE63EB4}.Debug|Any CPU.ActiveCfg = Debug|Any CPU
		{2584CDD8-9855-4CEE-9140-010E9AE63EB4}.Debug|Any CPU.Build.0 = Debug|Any CPU
		{2584CDD8-9855-4CEE-9140-010E9AE63EB4}.Release|Any CPU.ActiveCfg = Release|Any CPU
		{2584CDD8-9855-4CEE-9140-010E9AE63EB4}.Release|Any CPU.Build.0 = Release|Any CPU
		{83CF467B-7C83-4855-A0BF-4F0BE8828BF1}.Debug|Any CPU.ActiveCfg = Debug|Any CPU
		{83CF467B-7C83-4855-A0BF-4F0BE8828BF1}.Debug|Any CPU.Build.0 = Debug|Any CPU
		{83CF467B-7C83-4855-A0BF-4F0BE8828BF1}.Release|Any CPU.ActiveCfg = Release|Any CPU
		{83CF467B-7C83-4855-A0BF-4F0BE8828BF1}.Release|Any CPU.Build.0 = Release|Any CPU
		{13CC0652-52C9-4675-8E45-0BAEC32D9431}.Debug|Any CPU.ActiveCfg = Debug|Any CPU
		{13CC0652-52C9-4675-8E45-0BAEC32D9431}.Debug|Any CPU.Build.0 = Debug|Any CPU
		{13CC0652-52C9-4675-8E45-0BAEC32D9431}.Release|Any CPU.ActiveCfg = Release|Any CPU
		{13CC0652-52C9-4675-8E45-0BAEC32D9431}.Release|Any CPU.Build.0 = Release|Any CPU
		{C53C0EBD-1FEF-43F3-8AF9-285A4AB2A524}.Debug|Any CPU.ActiveCfg = Debug|Any CPU
		{C53C0EBD-1FEF-43F3-8AF9-285A4AB2A524}.Debug|Any CPU.Build.0 = Debug|Any CPU
		{C53C0EBD-1FEF-43F3-8AF9-285A4AB2A524}.Release|Any CPU.ActiveCfg = Release|Any CPU
		{C53C0EBD-1FEF-43F3-8AF9-285A4AB2A524}.Release|Any CPU.Build.0 = Release|Any CPU
		{D388463E-847D-4FE0-939C-9DAE54F2B830}.Debug|Any CPU.ActiveCfg = Debug|Any CPU
		{D388463E-847D-4FE0-939C-9DAE54F2B830}.Debug|Any CPU.Build.0 = Debug|Any CPU
		{D388463E-847D-4FE0-939C-9DAE54F2B830}.Release|Any CPU.ActiveCfg = Release|Any CPU
		{D388463E-847D-4FE0-939C-9DAE54F2B830}.Release|Any CPU.Build.0 = Release|Any CPU
		{00D24F7F-0505-4947-BD88-226F8051C543}.Debug|Any CPU.ActiveCfg = Debug|Any CPU
		{00D24F7F-0505-4947-BD88-226F8051C543}.Debug|Any CPU.Build.0 = Debug|Any CPU
		{00D24F7F-0505-4947-BD88-226F8051C543}.Release|Any CPU.ActiveCfg = Release|Any CPU
		{00D24F7F-0505-4947-BD88-226F8051C543}.Release|Any CPU.Build.0 = Release|Any CPU
	EndGlobalSection
	GlobalSection(SolutionProperties) = preSolution
		HideSolutionNode = FALSE
	EndGlobalSection
	GlobalSection(NestedProjects) = preSolution
		{067D3840-C1F4-466C-9AFD-F510D0E6FE26} = {4F52B8D3-D980-4D53-A2DF-1A80C35DE99E}
		{946A896C-7251-40F2-A0D3-A2FD9E92632F} = {4F52B8D3-D980-4D53-A2DF-1A80C35DE99E}
		{B6AC8E8B-A6D1-4071-95BF-C3BD435CBE94} = {4F52B8D3-D980-4D53-A2DF-1A80C35DE99E}
		{2584CDD8-9855-4CEE-9140-010E9AE63EB4} = {4F52B8D3-D980-4D53-A2DF-1A80C35DE99E}
		{83CF467B-7C83-4855-A0BF-4F0BE8828BF1} = {40C31577-61E6-4337-8CB7-68D7B0FD5B08}
		{13CC0652-52C9-4675-8E45-0BAEC32D9431} = {7715E76B-D673-476C-A4EF-4AB31A8E3CD8}
		{D388463E-847D-4FE0-939C-9DAE54F2B830} = {4F52B8D3-D980-4D53-A2DF-1A80C35DE99E}
		{00D24F7F-0505-4947-BD88-226F8051C543} = {7715E76B-D673-476C-A4EF-4AB31A8E3CD8}
	EndGlobalSection
	GlobalSection(ExtensibilityGlobals) = postSolution
		SolutionGuid = {CEFD0AAC-83D9-4B30-ABFA-67E1784F85B9}
	EndGlobalSection
EndGlobal
