
Microsoft Visual Studio Solution File, Format Version 12.00
# Visual Studio Version 17
VisualStudioVersion = 17.3.32901.215
MinimumVisualStudioVersion = 10.0.40219.1
Project("{2150E333-8FDC-42A3-9474-1A3956D46DE8}") = "Core", "Core", "{C9C42DE2-8F10-4C82-8ED7-E31BF89E40A7}"
EndProject
Project("{2150E333-8FDC-42A3-9474-1A3956D46DE8}") = "Third party components", "Third party components", "{0FDE8DCE-E2FD-4ADD-A63A-DB18610AC4A7}"
EndProject
Project("{9A19103F-16F7-4668-BE54-9A1E7A4F7556}") = "PainKiller.PowerCommands.WindowsCommands", "PainKiller.PowerCommands.WindowsCommands\PainKiller.PowerCommands.WindowsCommands.csproj", "{9870BA86-521F-49B9-A073-1460A49B6DDD}"
EndProject
Project("{9A19103F-16F7-4668-BE54-9A1E7A4F7556}") = "PainKiller.PowerCommands.Bootstrap", "PainKiller.PowerCommands.Bootstrap\PainKiller.PowerCommands.Bootstrap.csproj", "{53129D84-5113-4883-978D-42B423056493}"
EndProject
Project("{9A19103F-16F7-4668-BE54-9A1E7A4F7556}") = "PainKiller.PowerCommands.WindowsCommandsConsole", "PainKiller.PowerCommands.WindowsCommandsConsole\PainKiller.PowerCommands.WindowsCommandsConsole.csproj", "{0F6D5189-E9DE-4929-B65B-11A56710E22B}"
EndProject
Project("{9A19103F-16F7-4668-BE54-9A1E7A4F7556}") = "PainKiller.SerilogExtensions", "Third party components\PainKiller.SerilogExtensions\PainKiller.SerilogExtensions.csproj", "{34B96404-ECB8-4FA7-B022-EA9078F5078D}"
EndProject
Project("{9A19103F-16F7-4668-BE54-9A1E7A4F7556}") = "PainKiller.PowerCommands.Shared", "Core\PainKiller.PowerCommands.Shared\PainKiller.PowerCommands.Shared.csproj", "{0DB34E7E-238E-4C4D-9C1B-B8DAEAA14FE4}"
EndProject
Project("{9A19103F-16F7-4668-BE54-9A1E7A4F7556}") = "PainKiller.PowerCommands.Configuration", "Core\PainKiller.PowerCommands.Configuration\PainKiller.PowerCommands.Configuration.csproj", "{6856696C-E0C1-45BB-A63F-42DAD2730AAF}"
EndProject
Project("{9A19103F-16F7-4668-BE54-9A1E7A4F7556}") = "PainKiller.PowerCommands.Core", "Core\PainKiller.PowerCommands.Core\PainKiller.PowerCommands.Core.csproj", "{CF9AB2E5-A28A-42A2-9B62-EFC0DBEDA7F4}"
EndProject
Project("{9A19103F-16F7-4668-BE54-9A1E7A4F7556}") = "PainKiller.PowerCommands.ReadLine", "Core\PainKiller.PowerCommands.ReadLine\PainKiller.PowerCommands.ReadLine.csproj", "{3AF8FDA2-632E-47EF-B5BE-953B425627BE}"
EndProject
Project("{9A19103F-16F7-4668-BE54-9A1E7A4F7556}") = "PainKiller.PowerCommands.Security", "Core\PainKiller.PowerCommands.Security\PainKiller.PowerCommands.Security.csproj", "{8A1C7FCA-6523-4760-828A-A2AB5A608817}"
EndProject
Global
	GlobalSection(SolutionConfigurationPlatforms) = preSolution
		Debug|Any CPU = Debug|Any CPU
		Release|Any CPU = Release|Any CPU
	EndGlobalSection
	GlobalSection(ProjectConfigurationPlatforms) = postSolution
		{9870BA86-521F-49B9-A073-1460A49B6DDD}.Debug|Any CPU.ActiveCfg = Debug|Any CPU
		{9870BA86-521F-49B9-A073-1460A49B6DDD}.Debug|Any CPU.Build.0 = Debug|Any CPU
		{9870BA86-521F-49B9-A073-1460A49B6DDD}.Release|Any CPU.ActiveCfg = Release|Any CPU
		{9870BA86-521F-49B9-A073-1460A49B6DDD}.Release|Any CPU.Build.0 = Release|Any CPU
		{53129D84-5113-4883-978D-42B423056493}.Debug|Any CPU.ActiveCfg = Debug|Any CPU
		{53129D84-5113-4883-978D-42B423056493}.Debug|Any CPU.Build.0 = Debug|Any CPU
		{53129D84-5113-4883-978D-42B423056493}.Release|Any CPU.ActiveCfg = Release|Any CPU
		{53129D84-5113-4883-978D-42B423056493}.Release|Any CPU.Build.0 = Release|Any CPU
		{0F6D5189-E9DE-4929-B65B-11A56710E22B}.Debug|Any CPU.ActiveCfg = Debug|Any CPU
		{0F6D5189-E9DE-4929-B65B-11A56710E22B}.Debug|Any CPU.Build.0 = Debug|Any CPU
		{0F6D5189-E9DE-4929-B65B-11A56710E22B}.Release|Any CPU.ActiveCfg = Release|Any CPU
		{0F6D5189-E9DE-4929-B65B-11A56710E22B}.Release|Any CPU.Build.0 = Release|Any CPU
		{34B96404-ECB8-4FA7-B022-EA9078F5078D}.Debug|Any CPU.ActiveCfg = Debug|Any CPU
		{34B96404-ECB8-4FA7-B022-EA9078F5078D}.Debug|Any CPU.Build.0 = Debug|Any CPU
		{34B96404-ECB8-4FA7-B022-EA9078F5078D}.Release|Any CPU.ActiveCfg = Release|Any CPU
		{34B96404-ECB8-4FA7-B022-EA9078F5078D}.Release|Any CPU.Build.0 = Release|Any CPU
		{0DB34E7E-238E-4C4D-9C1B-B8DAEAA14FE4}.Debug|Any CPU.ActiveCfg = Debug|Any CPU
		{0DB34E7E-238E-4C4D-9C1B-B8DAEAA14FE4}.Debug|Any CPU.Build.0 = Debug|Any CPU
		{0DB34E7E-238E-4C4D-9C1B-B8DAEAA14FE4}.Release|Any CPU.ActiveCfg = Release|Any CPU
		{0DB34E7E-238E-4C4D-9C1B-B8DAEAA14FE4}.Release|Any CPU.Build.0 = Release|Any CPU
		{6856696C-E0C1-45BB-A63F-42DAD2730AAF}.Debug|Any CPU.ActiveCfg = Debug|Any CPU
		{6856696C-E0C1-45BB-A63F-42DAD2730AAF}.Debug|Any CPU.Build.0 = Debug|Any CPU
		{6856696C-E0C1-45BB-A63F-42DAD2730AAF}.Release|Any CPU.ActiveCfg = Release|Any CPU
		{6856696C-E0C1-45BB-A63F-42DAD2730AAF}.Release|Any CPU.Build.0 = Release|Any CPU
		{CF9AB2E5-A28A-42A2-9B62-EFC0DBEDA7F4}.Debug|Any CPU.ActiveCfg = Debug|Any CPU
		{CF9AB2E5-A28A-42A2-9B62-EFC0DBEDA7F4}.Debug|Any CPU.Build.0 = Debug|Any CPU
		{CF9AB2E5-A28A-42A2-9B62-EFC0DBEDA7F4}.Release|Any CPU.ActiveCfg = Release|Any CPU
		{CF9AB2E5-A28A-42A2-9B62-EFC0DBEDA7F4}.Release|Any CPU.Build.0 = Release|Any CPU
		{3AF8FDA2-632E-47EF-B5BE-953B425627BE}.Debug|Any CPU.ActiveCfg = Debug|Any CPU
		{3AF8FDA2-632E-47EF-B5BE-953B425627BE}.Debug|Any CPU.Build.0 = Debug|Any CPU
		{3AF8FDA2-632E-47EF-B5BE-953B425627BE}.Release|Any CPU.ActiveCfg = Release|Any CPU
		{3AF8FDA2-632E-47EF-B5BE-953B425627BE}.Release|Any CPU.Build.0 = Release|Any CPU
		{8A1C7FCA-6523-4760-828A-A2AB5A608817}.Debug|Any CPU.ActiveCfg = Debug|Any CPU
		{8A1C7FCA-6523-4760-828A-A2AB5A608817}.Debug|Any CPU.Build.0 = Debug|Any CPU
		{8A1C7FCA-6523-4760-828A-A2AB5A608817}.Release|Any CPU.ActiveCfg = Release|Any CPU
		{8A1C7FCA-6523-4760-828A-A2AB5A608817}.Release|Any CPU.Build.0 = Release|Any CPU
	EndGlobalSection
	GlobalSection(SolutionProperties) = preSolution
		HideSolutionNode = FALSE
	EndGlobalSection
	GlobalSection(NestedProjects) = preSolution
		{34B96404-ECB8-4FA7-B022-EA9078F5078D} = {0FDE8DCE-E2FD-4ADD-A63A-DB18610AC4A7}
		{0DB34E7E-238E-4C4D-9C1B-B8DAEAA14FE4} = {C9C42DE2-8F10-4C82-8ED7-E31BF89E40A7}
		{6856696C-E0C1-45BB-A63F-42DAD2730AAF} = {C9C42DE2-8F10-4C82-8ED7-E31BF89E40A7}
		{CF9AB2E5-A28A-42A2-9B62-EFC0DBEDA7F4} = {C9C42DE2-8F10-4C82-8ED7-E31BF89E40A7}
		{3AF8FDA2-632E-47EF-B5BE-953B425627BE} = {C9C42DE2-8F10-4C82-8ED7-E31BF89E40A7}
		{8A1C7FCA-6523-4760-828A-A2AB5A608817} = {C9C42DE2-8F10-4C82-8ED7-E31BF89E40A7}
	EndGlobalSection
	GlobalSection(ExtensibilityGlobals) = postSolution
		SolutionGuid = {405C3830-2919-474B-AFD5-85E7988048BB}
	EndGlobalSection
EndGlobal
