
Microsoft Visual Studio Solution File, Format Version 12.00
# Visual Studio Version 17
VisualStudioVersion = 17.3.32901.215
MinimumVisualStudioVersion = 10.0.40219.1
Project("{2150E333-8FDC-42A3-9474-1A3956D46DE8}") = "Core", "Core", "{C9C42DE2-8F10-4C82-8ED7-E31BF89E40A7}"
EndProject
Project("{2150E333-8FDC-42A3-9474-1A3956D46DE8}") = "Custom Components", "Custom Components", "{C93ABD68-9F32-4B6B-8BCE-2F3429F03CB6}"
EndProject
Project("{2150E333-8FDC-42A3-9474-1A3956D46DE8}") = "Third party components", "Third party components", "{0FDE8DCE-E2FD-4ADD-A63A-DB18610AC4A7}"
EndProject
Project("{9A19103F-16F7-4668-BE54-9A1E7A4F7556}") = "PainKiller.PowerCommands.Shared", "..\..\src\PainKiller.PowerCommands\Core\PainKiller.PowerCommands.Shared\PainKiller.PowerCommands.Shared.csproj", "{B9410E4A-5BDE-40D2-89FF-9FC8F4E85F65}"
EndProject
Project("{9A19103F-16F7-4668-BE54-9A1E7A4F7556}") = "PainKiller.PowerCommands.Core", "..\..\src\PainKiller.PowerCommands\Core\PainKiller.PowerCommands.Core\PainKiller.PowerCommands.Core.csproj", "{D5D00A17-39C6-4CC7-BE96-19119B4A4427}"
EndProject
Project("{9A19103F-16F7-4668-BE54-9A1E7A4F7556}") = "PainKiller.PowerCommands.Configuration", "..\..\src\PainKiller.PowerCommands\Core\PainKiller.PowerCommands.Configuration\PainKiller.PowerCommands.Configuration.csproj", "{1E61549E-729F-4A3A-84E2-8496C7DD547B}"
EndProject
Project("{9A19103F-16F7-4668-BE54-9A1E7A4F7556}") = "PainKiller.PowerCommands.ReadLine", "..\..\src\PainKiller.PowerCommands\Core\PainKiller.PowerCommands.ReadLine\PainKiller.PowerCommands.ReadLine.csproj", "{532207BD-1CE1-49B4-B4CA-8AC6643D983F}"
EndProject
Project("{9A19103F-16F7-4668-BE54-9A1E7A4F7556}") = "PainKiller.PowerCommands.Security", "..\..\src\PainKiller.PowerCommands\Core\PainKiller.PowerCommands.Security\PainKiller.PowerCommands.Security.csproj", "{B4A248C5-D788-410A-948F-E55444A09A39}"
EndProject
Project("{9A19103F-16F7-4668-BE54-9A1E7A4F7556}") = "PainKiller.SerilogExtensions", "..\..\src\PainKiller.PowerCommands\Third party components\PainKiller.SerilogExtensions\PainKiller.SerilogExtensions.csproj", "{62DBB845-08D8-4D83-9254-A226716A97E0}"
EndProject
Project("{9A19103F-16F7-4668-BE54-9A1E7A4F7556}") = "PainKiller.PowerCommands.WindowsCommands", "PainKiller.PowerCommands.WindowsCommands\PainKiller.PowerCommands.WindowsCommands.csproj", "{9870BA86-521F-49B9-A073-1460A49B6DDD}"
EndProject
Project("{9A19103F-16F7-4668-BE54-9A1E7A4F7556}") = "PainKiller.PowerCommands.Bootstrap", "PainKiller.PowerCommands.Bootstrap\PainKiller.PowerCommands.Bootstrap.csproj", "{53129D84-5113-4883-978D-42B423056493}"
EndProject
Project("{9A19103F-16F7-4668-BE54-9A1E7A4F7556}") = "PainKiller.PowerCommands.WindowsCommandsConsole", "PainKiller.PowerCommands.WindowsCommandsConsole\PainKiller.PowerCommands.WindowsCommandsConsole.csproj", "{0F6D5189-E9DE-4929-B65B-11A56710E22B}"
EndProject
Global
	GlobalSection(SolutionConfigurationPlatforms) = preSolution
		Debug|Any CPU = Debug|Any CPU
		Release|Any CPU = Release|Any CPU
	EndGlobalSection
	GlobalSection(ProjectConfigurationPlatforms) = postSolution
		{B9410E4A-5BDE-40D2-89FF-9FC8F4E85F65}.Debug|Any CPU.ActiveCfg = Debug|Any CPU
		{B9410E4A-5BDE-40D2-89FF-9FC8F4E85F65}.Debug|Any CPU.Build.0 = Debug|Any CPU
		{B9410E4A-5BDE-40D2-89FF-9FC8F4E85F65}.Release|Any CPU.ActiveCfg = Release|Any CPU
		{B9410E4A-5BDE-40D2-89FF-9FC8F4E85F65}.Release|Any CPU.Build.0 = Release|Any CPU
		{D5D00A17-39C6-4CC7-BE96-19119B4A4427}.Debug|Any CPU.ActiveCfg = Debug|Any CPU
		{D5D00A17-39C6-4CC7-BE96-19119B4A4427}.Debug|Any CPU.Build.0 = Debug|Any CPU
		{D5D00A17-39C6-4CC7-BE96-19119B4A4427}.Release|Any CPU.ActiveCfg = Release|Any CPU
		{D5D00A17-39C6-4CC7-BE96-19119B4A4427}.Release|Any CPU.Build.0 = Release|Any CPU
		{1E61549E-729F-4A3A-84E2-8496C7DD547B}.Debug|Any CPU.ActiveCfg = Debug|Any CPU
		{1E61549E-729F-4A3A-84E2-8496C7DD547B}.Debug|Any CPU.Build.0 = Debug|Any CPU
		{1E61549E-729F-4A3A-84E2-8496C7DD547B}.Release|Any CPU.ActiveCfg = Release|Any CPU
		{1E61549E-729F-4A3A-84E2-8496C7DD547B}.Release|Any CPU.Build.0 = Release|Any CPU
		{532207BD-1CE1-49B4-B4CA-8AC6643D983F}.Debug|Any CPU.ActiveCfg = Debug|Any CPU
		{532207BD-1CE1-49B4-B4CA-8AC6643D983F}.Debug|Any CPU.Build.0 = Debug|Any CPU
		{532207BD-1CE1-49B4-B4CA-8AC6643D983F}.Release|Any CPU.ActiveCfg = Release|Any CPU
		{532207BD-1CE1-49B4-B4CA-8AC6643D983F}.Release|Any CPU.Build.0 = Release|Any CPU
		{B4A248C5-D788-410A-948F-E55444A09A39}.Debug|Any CPU.ActiveCfg = Debug|Any CPU
		{B4A248C5-D788-410A-948F-E55444A09A39}.Debug|Any CPU.Build.0 = Debug|Any CPU
		{B4A248C5-D788-410A-948F-E55444A09A39}.Release|Any CPU.ActiveCfg = Release|Any CPU
		{B4A248C5-D788-410A-948F-E55444A09A39}.Release|Any CPU.Build.0 = Release|Any CPU
		{62DBB845-08D8-4D83-9254-A226716A97E0}.Debug|Any CPU.ActiveCfg = Debug|Any CPU
		{62DBB845-08D8-4D83-9254-A226716A97E0}.Debug|Any CPU.Build.0 = Debug|Any CPU
		{62DBB845-08D8-4D83-9254-A226716A97E0}.Release|Any CPU.ActiveCfg = Release|Any CPU
		{62DBB845-08D8-4D83-9254-A226716A97E0}.Release|Any CPU.Build.0 = Release|Any CPU
		{9870BA86-521F-49B9-A073-1460A49B6DDD}.Debug|Any CPU.ActiveCfg = Debug|Any CPU
		{9870BA86-521F-49B9-A073-1460A49B6DDD}.Debug|Any CPU.Build.0 = Debug|Any CPU
		{9870BA86-521F-49B9-A073-1460A49B6DDD}.Release|Any CPU.ActiveCfg = Release|Any CPU
		{9870BA86-521F-49B9-A073-1460A49B6DDD}.Release|Any CPU.Build.0 = Release|Any CPU
		{53129D84-5113-4883-978D-42B423056493}.Debug|Any CPU.ActiveCfg = Debug|Any CPU
		{53129D84-5113-4883-978D-42B423056493}.Debug|Any CPU.Build.0 = Debug|Any CPU
		{53129D84-5113-4883-978D-42B423056493}.Release|Any CPU.ActiveCfg = Release|Any CPU
		{53129D84-5113-4883-978D-42B423056493}.Release|Any CPU.Build.0 = Release|Any CPU
		{0F6D5189-E9DE-4929-B65B-11A56710E22B}.Debug|Any CPU.ActiveCfg = Debug|Any CPU
		{0F6D5189-E9DE-4929-B65B-11A56710E22B}.Debug|Any CPU.Build.0 = Debug|Any CPU
		{0F6D5189-E9DE-4929-B65B-11A56710E22B}.Release|Any CPU.ActiveCfg = Release|Any CPU
		{0F6D5189-E9DE-4929-B65B-11A56710E22B}.Release|Any CPU.Build.0 = Release|Any CPU
	EndGlobalSection
	GlobalSection(SolutionProperties) = preSolution
		HideSolutionNode = FALSE
	EndGlobalSection
	GlobalSection(NestedProjects) = preSolution
		{B9410E4A-5BDE-40D2-89FF-9FC8F4E85F65} = {C9C42DE2-8F10-4C82-8ED7-E31BF89E40A7}
		{D5D00A17-39C6-4CC7-BE96-19119B4A4427} = {C9C42DE2-8F10-4C82-8ED7-E31BF89E40A7}
		{1E61549E-729F-4A3A-84E2-8496C7DD547B} = {C9C42DE2-8F10-4C82-8ED7-E31BF89E40A7}
		{532207BD-1CE1-49B4-B4CA-8AC6643D983F} = {C9C42DE2-8F10-4C82-8ED7-E31BF89E40A7}
		{B4A248C5-D788-410A-948F-E55444A09A39} = {C9C42DE2-8F10-4C82-8ED7-E31BF89E40A7}
		{62DBB845-08D8-4D83-9254-A226716A97E0} = {0FDE8DCE-E2FD-4ADD-A63A-DB18610AC4A7}
	EndGlobalSection
	GlobalSection(ExtensibilityGlobals) = postSolution
		SolutionGuid = {405C3830-2919-474B-AFD5-85E7988048BB}
	EndGlobalSection
EndGlobal
