
Microsoft Visual Studio Solution File, Format Version 12.00
# Visual Studio Version 17
VisualStudioVersion = 17.3.32901.215
MinimumVisualStudioVersion = 10.0.40219.1
Project("{2150E333-8FDC-42A3-9474-1A3956D46DE8}") = "Core", "Core", "{632B8EF1-17D5-4E19-B05A-B5FA11061815}"
EndProject
Project("{2150E333-8FDC-42A3-9474-1A3956D46DE8}") = "Custom Components", "Custom Components", "{913B4125-0E99-4F37-97CF-F9960B6FD9F1}"
EndProject
Project("{2150E333-8FDC-42A3-9474-1A3956D46DE8}") = "Third party components", "Third party components", "{4A8C8B93-AC32-4C36-968F-14F29BAD0A1E}"
EndProject
Project("{2150E333-8FDC-42A3-9474-1A3956D46DE8}") = "Jooachim.GitchFinder", "Jooachim.GitchFinder", "{9B78E14C-93AB-47B2-9A6E-39EFDB9125F7}"
EndProject
Project("{9A19103F-16F7-4668-BE54-9A1E7A4F7556}") = "GlitchFinder", "Custom Components\Jooachim.GitchFinder\GlitchFinder\GlitchFinder.csproj", "{E988C23E-117F-4756-B09A-53EC5BB5B596}"
EndProject
Project("{9A19103F-16F7-4668-BE54-9A1E7A4F7556}") = "GlitchFinder.Matrix", "Custom Components\Jooachim.GitchFinder\GlitchFinder.Matrix\GlitchFinder.Matrix.csproj", "{0815870B-B0FD-4480-99C7-489B46BD4DE3}"
EndProject
Project("{9A19103F-16F7-4668-BE54-9A1E7A4F7556}") = "PainKiller.PowerCommands.GlitchFinderCommands", "PainKiller.PowerCommands.GlitchFinderCommands\PainKiller.PowerCommands.GlitchFinderCommands.csproj", "{5D936647-C4D9-4CC8-85CC-ACE7D19BD329}"
EndProject
Project("{9A19103F-16F7-4668-BE54-9A1E7A4F7556}") = "PainKiller.PowerCommands.Bootstrap", "PainKiller.PowerCommands.Bootstrap\PainKiller.PowerCommands.Bootstrap.csproj", "{52A5B144-DB6E-4758-91AD-1F468ED761FC}"
EndProject
Project("{9A19103F-16F7-4668-BE54-9A1E7A4F7556}") = "PainKiller.PowerCommands.GlitchFinderConsole", "PainKiller.PowerCommands.GlitchFinderConsole\PainKiller.PowerCommands.GlitchFinderConsole.csproj", "{42657884-AB96-4840-B5B7-D20719233571}"
EndProject
Project("{9A19103F-16F7-4668-BE54-9A1E7A4F7556}") = "PainKiller.PowerCommands.Shared", "Core\PainKiller.PowerCommands.Shared\PainKiller.PowerCommands.Shared.csproj", "{1B257E42-C104-40CD-AA8A-F69FFA889931}"
EndProject
Project("{9A19103F-16F7-4668-BE54-9A1E7A4F7556}") = "PainKiller.PowerCommands.Configuration", "Core\PainKiller.PowerCommands.Configuration\PainKiller.PowerCommands.Configuration.csproj", "{6FE80B7F-3C58-4BFB-8C14-0D094544DBC6}"
EndProject
Project("{9A19103F-16F7-4668-BE54-9A1E7A4F7556}") = "PainKiller.PowerCommands.Core", "Core\PainKiller.PowerCommands.Core\PainKiller.PowerCommands.Core.csproj", "{6C63FAB8-5E86-4329-82A4-95656A5BAC6C}"
EndProject
Project("{9A19103F-16F7-4668-BE54-9A1E7A4F7556}") = "PainKiller.PowerCommands.ReadLine", "Core\PainKiller.PowerCommands.ReadLine\PainKiller.PowerCommands.ReadLine.csproj", "{AF410EDD-6455-4C6E-B790-CAC76A164C0F}"
EndProject
Project("{9A19103F-16F7-4668-BE54-9A1E7A4F7556}") = "PainKiller.PowerCommands.Security", "Core\PainKiller.PowerCommands.Security\PainKiller.PowerCommands.Security.csproj", "{CC2D5F3A-C42E-433B-8378-364E3D9E440F}"
EndProject
Project("{9A19103F-16F7-4668-BE54-9A1E7A4F7556}") = "PainKiller.SerilogExtensions", "Third party components\PainKiller.SerilogExtensions\PainKiller.SerilogExtensions.csproj", "{8BBBF579-FC2D-4A7A-8D78-DA3C36388649}"
EndProject
Global
	GlobalSection(SolutionConfigurationPlatforms) = preSolution
		Debug|Any CPU = Debug|Any CPU
		Release|Any CPU = Release|Any CPU
	EndGlobalSection
	GlobalSection(ProjectConfigurationPlatforms) = postSolution
		{E988C23E-117F-4756-B09A-53EC5BB5B596}.Debug|Any CPU.ActiveCfg = Debug|Any CPU
		{E988C23E-117F-4756-B09A-53EC5BB5B596}.Debug|Any CPU.Build.0 = Debug|Any CPU
		{E988C23E-117F-4756-B09A-53EC5BB5B596}.Release|Any CPU.ActiveCfg = Release|Any CPU
		{E988C23E-117F-4756-B09A-53EC5BB5B596}.Release|Any CPU.Build.0 = Release|Any CPU
		{0815870B-B0FD-4480-99C7-489B46BD4DE3}.Debug|Any CPU.ActiveCfg = Debug|Any CPU
		{0815870B-B0FD-4480-99C7-489B46BD4DE3}.Debug|Any CPU.Build.0 = Debug|Any CPU
		{0815870B-B0FD-4480-99C7-489B46BD4DE3}.Release|Any CPU.ActiveCfg = Release|Any CPU
		{0815870B-B0FD-4480-99C7-489B46BD4DE3}.Release|Any CPU.Build.0 = Release|Any CPU
		{5D936647-C4D9-4CC8-85CC-ACE7D19BD329}.Debug|Any CPU.ActiveCfg = Debug|Any CPU
		{5D936647-C4D9-4CC8-85CC-ACE7D19BD329}.Debug|Any CPU.Build.0 = Debug|Any CPU
		{5D936647-C4D9-4CC8-85CC-ACE7D19BD329}.Release|Any CPU.ActiveCfg = Release|Any CPU
		{5D936647-C4D9-4CC8-85CC-ACE7D19BD329}.Release|Any CPU.Build.0 = Release|Any CPU
		{52A5B144-DB6E-4758-91AD-1F468ED761FC}.Debug|Any CPU.ActiveCfg = Debug|Any CPU
		{52A5B144-DB6E-4758-91AD-1F468ED761FC}.Debug|Any CPU.Build.0 = Debug|Any CPU
		{52A5B144-DB6E-4758-91AD-1F468ED761FC}.Release|Any CPU.ActiveCfg = Release|Any CPU
		{52A5B144-DB6E-4758-91AD-1F468ED761FC}.Release|Any CPU.Build.0 = Release|Any CPU
		{42657884-AB96-4840-B5B7-D20719233571}.Debug|Any CPU.ActiveCfg = Debug|Any CPU
		{42657884-AB96-4840-B5B7-D20719233571}.Debug|Any CPU.Build.0 = Debug|Any CPU
		{42657884-AB96-4840-B5B7-D20719233571}.Release|Any CPU.ActiveCfg = Release|Any CPU
		{42657884-AB96-4840-B5B7-D20719233571}.Release|Any CPU.Build.0 = Release|Any CPU
		{1B257E42-C104-40CD-AA8A-F69FFA889931}.Debug|Any CPU.ActiveCfg = Debug|Any CPU
		{1B257E42-C104-40CD-AA8A-F69FFA889931}.Debug|Any CPU.Build.0 = Debug|Any CPU
		{1B257E42-C104-40CD-AA8A-F69FFA889931}.Release|Any CPU.ActiveCfg = Release|Any CPU
		{1B257E42-C104-40CD-AA8A-F69FFA889931}.Release|Any CPU.Build.0 = Release|Any CPU
		{6FE80B7F-3C58-4BFB-8C14-0D094544DBC6}.Debug|Any CPU.ActiveCfg = Debug|Any CPU
		{6FE80B7F-3C58-4BFB-8C14-0D094544DBC6}.Debug|Any CPU.Build.0 = Debug|Any CPU
		{6FE80B7F-3C58-4BFB-8C14-0D094544DBC6}.Release|Any CPU.ActiveCfg = Release|Any CPU
		{6FE80B7F-3C58-4BFB-8C14-0D094544DBC6}.Release|Any CPU.Build.0 = Release|Any CPU
		{6C63FAB8-5E86-4329-82A4-95656A5BAC6C}.Debug|Any CPU.ActiveCfg = Debug|Any CPU
		{6C63FAB8-5E86-4329-82A4-95656A5BAC6C}.Debug|Any CPU.Build.0 = Debug|Any CPU
		{6C63FAB8-5E86-4329-82A4-95656A5BAC6C}.Release|Any CPU.ActiveCfg = Release|Any CPU
		{6C63FAB8-5E86-4329-82A4-95656A5BAC6C}.Release|Any CPU.Build.0 = Release|Any CPU
		{AF410EDD-6455-4C6E-B790-CAC76A164C0F}.Debug|Any CPU.ActiveCfg = Debug|Any CPU
		{AF410EDD-6455-4C6E-B790-CAC76A164C0F}.Debug|Any CPU.Build.0 = Debug|Any CPU
		{AF410EDD-6455-4C6E-B790-CAC76A164C0F}.Release|Any CPU.ActiveCfg = Release|Any CPU
		{AF410EDD-6455-4C6E-B790-CAC76A164C0F}.Release|Any CPU.Build.0 = Release|Any CPU
		{CC2D5F3A-C42E-433B-8378-364E3D9E440F}.Debug|Any CPU.ActiveCfg = Debug|Any CPU
		{CC2D5F3A-C42E-433B-8378-364E3D9E440F}.Debug|Any CPU.Build.0 = Debug|Any CPU
		{CC2D5F3A-C42E-433B-8378-364E3D9E440F}.Release|Any CPU.ActiveCfg = Release|Any CPU
		{CC2D5F3A-C42E-433B-8378-364E3D9E440F}.Release|Any CPU.Build.0 = Release|Any CPU
		{8BBBF579-FC2D-4A7A-8D78-DA3C36388649}.Debug|Any CPU.ActiveCfg = Debug|Any CPU
		{8BBBF579-FC2D-4A7A-8D78-DA3C36388649}.Debug|Any CPU.Build.0 = Debug|Any CPU
		{8BBBF579-FC2D-4A7A-8D78-DA3C36388649}.Release|Any CPU.ActiveCfg = Release|Any CPU
		{8BBBF579-FC2D-4A7A-8D78-DA3C36388649}.Release|Any CPU.Build.0 = Release|Any CPU
	EndGlobalSection
	GlobalSection(SolutionProperties) = preSolution
		HideSolutionNode = FALSE
	EndGlobalSection
	GlobalSection(NestedProjects) = preSolution
		{9B78E14C-93AB-47B2-9A6E-39EFDB9125F7} = {913B4125-0E99-4F37-97CF-F9960B6FD9F1}
		{E988C23E-117F-4756-B09A-53EC5BB5B596} = {9B78E14C-93AB-47B2-9A6E-39EFDB9125F7}
		{0815870B-B0FD-4480-99C7-489B46BD4DE3} = {9B78E14C-93AB-47B2-9A6E-39EFDB9125F7}
		{1B257E42-C104-40CD-AA8A-F69FFA889931} = {632B8EF1-17D5-4E19-B05A-B5FA11061815}
		{6FE80B7F-3C58-4BFB-8C14-0D094544DBC6} = {632B8EF1-17D5-4E19-B05A-B5FA11061815}
		{6C63FAB8-5E86-4329-82A4-95656A5BAC6C} = {632B8EF1-17D5-4E19-B05A-B5FA11061815}
		{AF410EDD-6455-4C6E-B790-CAC76A164C0F} = {632B8EF1-17D5-4E19-B05A-B5FA11061815}
		{CC2D5F3A-C42E-433B-8378-364E3D9E440F} = {632B8EF1-17D5-4E19-B05A-B5FA11061815}
		{8BBBF579-FC2D-4A7A-8D78-DA3C36388649} = {4A8C8B93-AC32-4C36-968F-14F29BAD0A1E}
	EndGlobalSection
	GlobalSection(ExtensibilityGlobals) = postSolution
		SolutionGuid = {F5492DC3-0219-4E10-8051-093F1D0E1A17}
	EndGlobalSection
EndGlobal
