
Microsoft Visual Studio Solution File, Format Version 12.00
# Visual Studio Version 17
VisualStudioVersion = 17.3.32901.215
MinimumVisualStudioVersion = 10.0.40219.1
Project("{2150E333-8FDC-42A3-9474-1A3956D46DE8}") = "Core", "Core", "{632B8EF1-17D5-4E19-B05A-B5FA11061815}"
EndProject
Project("{2150E333-8FDC-42A3-9474-1A3956D46DE8}") = "Custom Components", "Custom Components", "{913B4125-0E99-4F37-97CF-F9960B6FD9F1}"
EndProject
Project("{2150E333-8FDC-42A3-9474-1A3956D46DE8}") = "Third party components", "Third party components", "{4A8C8B93-AC32-4C36-968F-14F29BAD0A1E}"
EndProject
Project("{2150E333-8FDC-42A3-9474-1A3956D46DE8}") = "Jooachim.GitchFinder", "Jooachim.GitchFinder", "{9B78E14C-93AB-47B2-9A6E-39EFDB9125F7}"
EndProject
Project("{9A19103F-16F7-4668-BE54-9A1E7A4F7556}") = "GlitchFinder", "Custom Components\Jooachim.GitchFinder\GlitchFinder\GlitchFinder.csproj", "{E988C23E-117F-4756-B09A-53EC5BB5B596}"
EndProject
Project("{9A19103F-16F7-4668-BE54-9A1E7A4F7556}") = "GlitchFinder.Matrix", "Custom Components\Jooachim.GitchFinder\GlitchFinder.Matrix\GlitchFinder.Matrix.csproj", "{0815870B-B0FD-4480-99C7-489B46BD4DE3}"
EndProject
Project("{9A19103F-16F7-4668-BE54-9A1E7A4F7556}") = "PainKiller.PowerCommands.GlitchFinderCommands", "PainKiller.PowerCommands.GlitchFinderCommands\PainKiller.PowerCommands.GlitchFinderCommands.csproj", "{5D936647-C4D9-4CC8-85CC-ACE7D19BD329}"
EndProject
Project("{9A19103F-16F7-4668-BE54-9A1E7A4F7556}") = "PainKiller.PowerCommands.Bootstrap", "PainKiller.PowerCommands.Bootstrap\PainKiller.PowerCommands.Bootstrap.csproj", "{52A5B144-DB6E-4758-91AD-1F468ED761FC}"
EndProject
Project("{9A19103F-16F7-4668-BE54-9A1E7A4F7556}") = "PainKiller.PowerCommands.GlitchFinderConsole", "PainKiller.PowerCommands.GlitchFinderConsole\PainKiller.PowerCommands.GlitchFinderConsole.csproj", "{42657884-AB96-4840-B5B7-D20719233571}"
EndProject
Project("{9A19103F-16F7-4668-BE54-9A1E7A4F7556}") = "PainKiller.SerilogExtensions", "Third party components\PainKiller.SerilogExtensions\PainKiller.SerilogExtensions.csproj", "{15F27834-3EC1-4AA7-81B0-D10751408414}"
EndProject
Project("{9A19103F-16F7-4668-BE54-9A1E7A4F7556}") = "PainKiller.PowerCommands.Shared", "Core\PainKiller.PowerCommands.Shared\PainKiller.PowerCommands.Shared.csproj", "{792999E7-164C-49DF-A9C3-B4806712FBAB}"
EndProject
Project("{9A19103F-16F7-4668-BE54-9A1E7A4F7556}") = "PainKiller.PowerCommands.Configuration", "Core\PainKiller.PowerCommands.Configuration\PainKiller.PowerCommands.Configuration.csproj", "{E6D76E2B-0149-4F88-8CA9-3CACBE18236C}"
EndProject
Project("{9A19103F-16F7-4668-BE54-9A1E7A4F7556}") = "PainKiller.PowerCommands.Core", "Core\PainKiller.PowerCommands.Core\PainKiller.PowerCommands.Core.csproj", "{F5504A63-3993-4DF6-8ACA-AA40CC002283}"
EndProject
Project("{9A19103F-16F7-4668-BE54-9A1E7A4F7556}") = "PainKiller.PowerCommands.ReadLine", "Core\PainKiller.PowerCommands.ReadLine\PainKiller.PowerCommands.ReadLine.csproj", "{CF2A17B7-9442-411D-BF6C-CC83F93CFA88}"
EndProject
Project("{9A19103F-16F7-4668-BE54-9A1E7A4F7556}") = "PainKiller.PowerCommands.Security", "Core\PainKiller.PowerCommands.Security\PainKiller.PowerCommands.Security.csproj", "{9F1B962F-AF02-4F65-B7D5-29BC43967975}"
EndProject
Global
	GlobalSection(SolutionConfigurationPlatforms) = preSolution
		Debug|Any CPU = Debug|Any CPU
		Release|Any CPU = Release|Any CPU
	EndGlobalSection
	GlobalSection(ProjectConfigurationPlatforms) = postSolution
		{E988C23E-117F-4756-B09A-53EC5BB5B596}.Debug|Any CPU.ActiveCfg = Debug|Any CPU
		{E988C23E-117F-4756-B09A-53EC5BB5B596}.Debug|Any CPU.Build.0 = Debug|Any CPU
		{E988C23E-117F-4756-B09A-53EC5BB5B596}.Release|Any CPU.ActiveCfg = Release|Any CPU
		{E988C23E-117F-4756-B09A-53EC5BB5B596}.Release|Any CPU.Build.0 = Release|Any CPU
		{0815870B-B0FD-4480-99C7-489B46BD4DE3}.Debug|Any CPU.ActiveCfg = Debug|Any CPU
		{0815870B-B0FD-4480-99C7-489B46BD4DE3}.Debug|Any CPU.Build.0 = Debug|Any CPU
		{0815870B-B0FD-4480-99C7-489B46BD4DE3}.Release|Any CPU.ActiveCfg = Release|Any CPU
		{0815870B-B0FD-4480-99C7-489B46BD4DE3}.Release|Any CPU.Build.0 = Release|Any CPU
		{5D936647-C4D9-4CC8-85CC-ACE7D19BD329}.Debug|Any CPU.ActiveCfg = Debug|Any CPU
		{5D936647-C4D9-4CC8-85CC-ACE7D19BD329}.Debug|Any CPU.Build.0 = Debug|Any CPU
		{5D936647-C4D9-4CC8-85CC-ACE7D19BD329}.Release|Any CPU.ActiveCfg = Release|Any CPU
		{5D936647-C4D9-4CC8-85CC-ACE7D19BD329}.Release|Any CPU.Build.0 = Release|Any CPU
		{52A5B144-DB6E-4758-91AD-1F468ED761FC}.Debug|Any CPU.ActiveCfg = Debug|Any CPU
		{52A5B144-DB6E-4758-91AD-1F468ED761FC}.Debug|Any CPU.Build.0 = Debug|Any CPU
		{52A5B144-DB6E-4758-91AD-1F468ED761FC}.Release|Any CPU.ActiveCfg = Release|Any CPU
		{52A5B144-DB6E-4758-91AD-1F468ED761FC}.Release|Any CPU.Build.0 = Release|Any CPU
		{42657884-AB96-4840-B5B7-D20719233571}.Debug|Any CPU.ActiveCfg = Debug|Any CPU
		{42657884-AB96-4840-B5B7-D20719233571}.Debug|Any CPU.Build.0 = Debug|Any CPU
		{42657884-AB96-4840-B5B7-D20719233571}.Release|Any CPU.ActiveCfg = Release|Any CPU
		{42657884-AB96-4840-B5B7-D20719233571}.Release|Any CPU.Build.0 = Release|Any CPU
		{15F27834-3EC1-4AA7-81B0-D10751408414}.Debug|Any CPU.ActiveCfg = Debug|Any CPU
		{15F27834-3EC1-4AA7-81B0-D10751408414}.Debug|Any CPU.Build.0 = Debug|Any CPU
		{15F27834-3EC1-4AA7-81B0-D10751408414}.Release|Any CPU.ActiveCfg = Release|Any CPU
		{15F27834-3EC1-4AA7-81B0-D10751408414}.Release|Any CPU.Build.0 = Release|Any CPU
		{792999E7-164C-49DF-A9C3-B4806712FBAB}.Debug|Any CPU.ActiveCfg = Debug|Any CPU
		{792999E7-164C-49DF-A9C3-B4806712FBAB}.Debug|Any CPU.Build.0 = Debug|Any CPU
		{792999E7-164C-49DF-A9C3-B4806712FBAB}.Release|Any CPU.ActiveCfg = Release|Any CPU
		{792999E7-164C-49DF-A9C3-B4806712FBAB}.Release|Any CPU.Build.0 = Release|Any CPU
		{E6D76E2B-0149-4F88-8CA9-3CACBE18236C}.Debug|Any CPU.ActiveCfg = Debug|Any CPU
		{E6D76E2B-0149-4F88-8CA9-3CACBE18236C}.Debug|Any CPU.Build.0 = Debug|Any CPU
		{E6D76E2B-0149-4F88-8CA9-3CACBE18236C}.Release|Any CPU.ActiveCfg = Release|Any CPU
		{E6D76E2B-0149-4F88-8CA9-3CACBE18236C}.Release|Any CPU.Build.0 = Release|Any CPU
		{F5504A63-3993-4DF6-8ACA-AA40CC002283}.Debug|Any CPU.ActiveCfg = Debug|Any CPU
		{F5504A63-3993-4DF6-8ACA-AA40CC002283}.Debug|Any CPU.Build.0 = Debug|Any CPU
		{F5504A63-3993-4DF6-8ACA-AA40CC002283}.Release|Any CPU.ActiveCfg = Release|Any CPU
		{F5504A63-3993-4DF6-8ACA-AA40CC002283}.Release|Any CPU.Build.0 = Release|Any CPU
		{CF2A17B7-9442-411D-BF6C-CC83F93CFA88}.Debug|Any CPU.ActiveCfg = Debug|Any CPU
		{CF2A17B7-9442-411D-BF6C-CC83F93CFA88}.Debug|Any CPU.Build.0 = Debug|Any CPU
		{CF2A17B7-9442-411D-BF6C-CC83F93CFA88}.Release|Any CPU.ActiveCfg = Release|Any CPU
		{CF2A17B7-9442-411D-BF6C-CC83F93CFA88}.Release|Any CPU.Build.0 = Release|Any CPU
		{9F1B962F-AF02-4F65-B7D5-29BC43967975}.Debug|Any CPU.ActiveCfg = Debug|Any CPU
		{9F1B962F-AF02-4F65-B7D5-29BC43967975}.Debug|Any CPU.Build.0 = Debug|Any CPU
		{9F1B962F-AF02-4F65-B7D5-29BC43967975}.Release|Any CPU.ActiveCfg = Release|Any CPU
		{9F1B962F-AF02-4F65-B7D5-29BC43967975}.Release|Any CPU.Build.0 = Release|Any CPU
	EndGlobalSection
	GlobalSection(SolutionProperties) = preSolution
		HideSolutionNode = FALSE
	EndGlobalSection
	GlobalSection(NestedProjects) = preSolution
		{9B78E14C-93AB-47B2-9A6E-39EFDB9125F7} = {913B4125-0E99-4F37-97CF-F9960B6FD9F1}
		{E988C23E-117F-4756-B09A-53EC5BB5B596} = {9B78E14C-93AB-47B2-9A6E-39EFDB9125F7}
		{0815870B-B0FD-4480-99C7-489B46BD4DE3} = {9B78E14C-93AB-47B2-9A6E-39EFDB9125F7}
		{15F27834-3EC1-4AA7-81B0-D10751408414} = {4A8C8B93-AC32-4C36-968F-14F29BAD0A1E}
		{792999E7-164C-49DF-A9C3-B4806712FBAB} = {632B8EF1-17D5-4E19-B05A-B5FA11061815}
		{E6D76E2B-0149-4F88-8CA9-3CACBE18236C} = {632B8EF1-17D5-4E19-B05A-B5FA11061815}
		{F5504A63-3993-4DF6-8ACA-AA40CC002283} = {632B8EF1-17D5-4E19-B05A-B5FA11061815}
		{CF2A17B7-9442-411D-BF6C-CC83F93CFA88} = {632B8EF1-17D5-4E19-B05A-B5FA11061815}
		{9F1B962F-AF02-4F65-B7D5-29BC43967975} = {632B8EF1-17D5-4E19-B05A-B5FA11061815}
	EndGlobalSection
	GlobalSection(ExtensibilityGlobals) = postSolution
		SolutionGuid = {F5492DC3-0219-4E10-8051-093F1D0E1A17}
	EndGlobalSection
EndGlobal
